
Microsoft Visual Studio Solution File, Format Version 12.00
# Visual Studio 2015
Project("{FAE04EC0-301F-11D3-BF4B-00C04F79EFBC}") = "BEES", "BEES.csproj", "{D7B63233-5D95-1AF1-98C2-BE7E49D304DF}"
EndProject
Project("{FAE04EC0-301F-11D3-BF4B-00C04F79EFBC}") = "BEES.Editor", "BEES.Editor.csproj", "{5307E6D0-FAC8-AAFB-ACD2-C2EB680C8AB1}"
EndProject
Global
	GlobalSection(SolutionConfigurationPlatforms) = preSolution
		Debug|Any CPU = Debug|Any CPU
		Release|Any CPU = Release|Any CPU
	EndGlobalSection
	GlobalSection(ProjectConfigurationPlatforms) = postSolution
		{D7B63233-5D95-1AF1-98C2-BE7E49D304DF}.Debug|Any CPU.ActiveCfg = Debug|Any CPU
		{D7B63233-5D95-1AF1-98C2-BE7E49D304DF}.Debug|Any CPU.Build.0 = Debug|Any CPU
		{D7B63233-5D95-1AF1-98C2-BE7E49D304DF}.Release|Any CPU.ActiveCfg = Release|Any CPU
		{D7B63233-5D95-1AF1-98C2-BE7E49D304DF}.Release|Any CPU.Build.0 = Release|Any CPU
		{5307E6D0-FAC8-AAFB-ACD2-C2EB680C8AB1}.Debug|Any CPU.ActiveCfg = Debug|Any CPU
		{5307E6D0-FAC8-AAFB-ACD2-C2EB680C8AB1}.Debug|Any CPU.Build.0 = Debug|Any CPU
		{5307E6D0-FAC8-AAFB-ACD2-C2EB680C8AB1}.Release|Any CPU.ActiveCfg = Release|Any CPU
		{5307E6D0-FAC8-AAFB-ACD2-C2EB680C8AB1}.Release|Any CPU.Build.0 = Release|Any CPU
	EndGlobalSection
	GlobalSection(SolutionProperties) = preSolution
		HideSolutionNode = FALSE
	EndGlobalSection
EndGlobal
